
Microsoft Visual Studio Solution File, Format Version 12.00
# Visual Studio Version 17
VisualStudioVersion = 17.11.35312.102
MinimumVisualStudioVersion = 10.0.40219.1
Project("{FAE04EC0-301F-11D3-BF4B-00C04F79EFBC}") = "controleDeCadastro", "controleDeCadastro\controleDeCadastro.csproj", "{9730627F-DD3F-4E0D-BF81-9A8F734A6705}"
EndProject
Global
	GlobalSection(SolutionConfigurationPlatforms) = preSolution
		Debug|Any CPU = Debug|Any CPU
		Release|Any CPU = Release|Any CPU
	EndGlobalSection
	GlobalSection(ProjectConfigurationPlatforms) = postSolution
		{9730627F-DD3F-4E0D-BF81-9A8F734A6705}.Debug|Any CPU.ActiveCfg = Debug|Any CPU
		{9730627F-DD3F-4E0D-BF81-9A8F734A6705}.Debug|Any CPU.Build.0 = Debug|Any CPU
		{9730627F-DD3F-4E0D-BF81-9A8F734A6705}.Release|Any CPU.ActiveCfg = Release|Any CPU
		{9730627F-DD3F-4E0D-BF81-9A8F734A6705}.Release|Any CPU.Build.0 = Release|Any CPU
	EndGlobalSection
	GlobalSection(SolutionProperties) = preSolution
		HideSolutionNode = FALSE
	EndGlobalSection
	GlobalSection(ExtensibilityGlobals) = postSolution
		SolutionGuid = {ECB7F00D-6165-4DF7-B0C9-E341291DD4E6}
	EndGlobalSection
EndGlobal
